
Microsoft Visual Studio Solution File, Format Version 12.00
# Visual Studio Version 16
VisualStudioVersion = 16.0.31129.286
MinimumVisualStudioVersion = 10.0.40219.1
Project("{2150E333-8FDC-42A3-9474-1A3956D46DE8}") = "src", "src", "{2A5569EA-F083-4D79-A888-BF0E22454CB0}"
EndProject
Project("{9A19103F-16F7-4668-BE54-9A1E7A4F7556}") = "AliansnetTechnicalChallenge.Core", "src\AliansnetTechnicalChallenge.Core\AliansnetTechnicalChallenge.Core.csproj", "{00637B70-D4A4-4A47-A96E-F5781AB169A3}"
EndProject
Project("{9A19103F-16F7-4668-BE54-9A1E7A4F7556}") = "AliansnetTechnicalChallenge.Infrastructure", "src\AliansnetTechnicalChallenge.Infrastructure\AliansnetTechnicalChallenge.Infrastructure.csproj", "{C9939376-421A-4873-A87D-E043CF3DD699}"
EndProject
Project("{FAE04EC0-301F-11D3-BF4B-00C04F79EFBC}") = "AliansnetTechnicalChallenge.APP", "src\AliansnetTechnicalChallenge.APP\AliansnetTechnicalChallenge.APP.csproj", "{0FBC4796-A767-42EF-A42E-007C8787B99F}"
EndProject
Project("{2150E333-8FDC-42A3-9474-1A3956D46DE8}") = "tests", "tests", "{B049AB79-B911-4392-B1F3-527952739A47}"
EndProject
Global
	GlobalSection(SolutionConfigurationPlatforms) = preSolution
		Debug|Any CPU = Debug|Any CPU
		Release|Any CPU = Release|Any CPU
	EndGlobalSection
	GlobalSection(ProjectConfigurationPlatforms) = postSolution
		{00637B70-D4A4-4A47-A96E-F5781AB169A3}.Debug|Any CPU.ActiveCfg = Debug|Any CPU
		{00637B70-D4A4-4A47-A96E-F5781AB169A3}.Debug|Any CPU.Build.0 = Debug|Any CPU
		{00637B70-D4A4-4A47-A96E-F5781AB169A3}.Release|Any CPU.ActiveCfg = Release|Any CPU
		{00637B70-D4A4-4A47-A96E-F5781AB169A3}.Release|Any CPU.Build.0 = Release|Any CPU
		{C9939376-421A-4873-A87D-E043CF3DD699}.Debug|Any CPU.ActiveCfg = Debug|Any CPU
		{C9939376-421A-4873-A87D-E043CF3DD699}.Debug|Any CPU.Build.0 = Debug|Any CPU
		{C9939376-421A-4873-A87D-E043CF3DD699}.Release|Any CPU.ActiveCfg = Release|Any CPU
		{C9939376-421A-4873-A87D-E043CF3DD699}.Release|Any CPU.Build.0 = Release|Any CPU
		{0FBC4796-A767-42EF-A42E-007C8787B99F}.Debug|Any CPU.ActiveCfg = Debug|Any CPU
		{0FBC4796-A767-42EF-A42E-007C8787B99F}.Debug|Any CPU.Build.0 = Debug|Any CPU
		{0FBC4796-A767-42EF-A42E-007C8787B99F}.Release|Any CPU.ActiveCfg = Release|Any CPU
		{0FBC4796-A767-42EF-A42E-007C8787B99F}.Release|Any CPU.Build.0 = Release|Any CPU
	EndGlobalSection
	GlobalSection(SolutionProperties) = preSolution
		HideSolutionNode = FALSE
	EndGlobalSection
	GlobalSection(NestedProjects) = preSolution
		{00637B70-D4A4-4A47-A96E-F5781AB169A3} = {2A5569EA-F083-4D79-A888-BF0E22454CB0}
		{C9939376-421A-4873-A87D-E043CF3DD699} = {2A5569EA-F083-4D79-A888-BF0E22454CB0}
		{0FBC4796-A767-42EF-A42E-007C8787B99F} = {2A5569EA-F083-4D79-A888-BF0E22454CB0}
	EndGlobalSection
	GlobalSection(ExtensibilityGlobals) = postSolution
		SolutionGuid = {C7590CF2-D795-4D6C-8AD9-9CBAAE5EF130}
	EndGlobalSection
EndGlobal
